
Microsoft Visual Studio Solution File, Format Version 12.00
# Visual Studio 15
VisualStudioVersion = 15.0.27428.2037
MinimumVisualStudioVersion = 10.0.40219.1
Project("{FAE04EC0-301F-11D3-BF4B-00C04F79EFBC}") = "PushNotification", "PushNotification\PushNotification.csproj", "{3B74BAA7-24A9-4E1E-8750-CFADE075E267}"
EndProject
Global
	GlobalSection(SolutionConfigurationPlatforms) = preSolution
		Debug|Any CPU = Debug|Any CPU
		Release|Any CPU = Release|Any CPU
	EndGlobalSection
	GlobalSection(ProjectConfigurationPlatforms) = postSolution
		{3B74BAA7-24A9-4E1E-8750-CFADE075E267}.Debug|Any CPU.ActiveCfg = Debug|Any CPU
		{3B74BAA7-24A9-4E1E-8750-CFADE075E267}.Debug|Any CPU.Build.0 = Debug|Any CPU
		{3B74BAA7-24A9-4E1E-8750-CFADE075E267}.Release|Any CPU.ActiveCfg = Release|Any CPU
		{3B74BAA7-24A9-4E1E-8750-CFADE075E267}.Release|Any CPU.Build.0 = Release|Any CPU
	EndGlobalSection
	GlobalSection(SolutionProperties) = preSolution
		HideSolutionNode = FALSE
	EndGlobalSection
	GlobalSection(ExtensibilityGlobals) = postSolution
		SolutionGuid = {7FD831DF-559D-4D88-BB27-28114179384D}
	EndGlobalSection
EndGlobal
